
Microsoft Visual Studio Solution File, Format Version 12.00
Project("{FAE04EC0-301F-11D3-BF4B-00C04F79EFBC}") = "Task1", "Task1\Task1.csproj", "{5625785F-3F1C-4450-91F0-97477D84E8C7}"
EndProject
Project("{FAE04EC0-301F-11D3-BF4B-00C04F79EFBC}") = "Task2", "Task2\Task2.csproj", "{CEED7DB2-CCF9-423B-97BE-BD735E8ECB0E}"
EndProject
Project("{FAE04EC0-301F-11D3-BF4B-00C04F79EFBC}") = "Task3", "Task3\Task3.csproj", "{A49C1071-75FF-4AFC-BFE0-853C42CA6E5E}"
EndProject
Global
	GlobalSection(SolutionConfigurationPlatforms) = preSolution
		Debug|Any CPU = Debug|Any CPU
		Release|Any CPU = Release|Any CPU
	EndGlobalSection
	GlobalSection(ProjectConfigurationPlatforms) = postSolution
		{5625785F-3F1C-4450-91F0-97477D84E8C7}.Debug|Any CPU.ActiveCfg = Debug|Any CPU
		{5625785F-3F1C-4450-91F0-97477D84E8C7}.Debug|Any CPU.Build.0 = Debug|Any CPU
		{5625785F-3F1C-4450-91F0-97477D84E8C7}.Release|Any CPU.ActiveCfg = Release|Any CPU
		{5625785F-3F1C-4450-91F0-97477D84E8C7}.Release|Any CPU.Build.0 = Release|Any CPU
		{CEED7DB2-CCF9-423B-97BE-BD735E8ECB0E}.Debug|Any CPU.ActiveCfg = Debug|Any CPU
		{CEED7DB2-CCF9-423B-97BE-BD735E8ECB0E}.Debug|Any CPU.Build.0 = Debug|Any CPU
		{CEED7DB2-CCF9-423B-97BE-BD735E8ECB0E}.Release|Any CPU.ActiveCfg = Release|Any CPU
		{CEED7DB2-CCF9-423B-97BE-BD735E8ECB0E}.Release|Any CPU.Build.0 = Release|Any CPU
		{A49C1071-75FF-4AFC-BFE0-853C42CA6E5E}.Debug|Any CPU.ActiveCfg = Debug|Any CPU
		{A49C1071-75FF-4AFC-BFE0-853C42CA6E5E}.Debug|Any CPU.Build.0 = Debug|Any CPU
		{A49C1071-75FF-4AFC-BFE0-853C42CA6E5E}.Release|Any CPU.ActiveCfg = Release|Any CPU
		{A49C1071-75FF-4AFC-BFE0-853C42CA6E5E}.Release|Any CPU.Build.0 = Release|Any CPU
	EndGlobalSection
EndGlobal
